
Microsoft Visual Studio Solution File, Format Version 12.00
# Visual Studio Version 16
VisualStudioVersion = 16.0.32602.291
MinimumVisualStudioVersion = 10.0.40219.1
Project("{FAE04EC0-301F-11D3-BF4B-00C04F79EFBC}") = "Calculadora", "Calculadora.csproj", "{1145E6B6-EEA3-4DD5-9657-7D21448D4F83}"
EndProject
Global
	GlobalSection(SolutionConfigurationPlatforms) = preSolution
		Debug|Any CPU = Debug|Any CPU
		Release|Any CPU = Release|Any CPU
	EndGlobalSection
	GlobalSection(ProjectConfigurationPlatforms) = postSolution
		{1145E6B6-EEA3-4DD5-9657-7D21448D4F83}.Debug|Any CPU.ActiveCfg = Debug|Any CPU
		{1145E6B6-EEA3-4DD5-9657-7D21448D4F83}.Debug|Any CPU.Build.0 = Debug|Any CPU
		{1145E6B6-EEA3-4DD5-9657-7D21448D4F83}.Release|Any CPU.ActiveCfg = Release|Any CPU
		{1145E6B6-EEA3-4DD5-9657-7D21448D4F83}.Release|Any CPU.Build.0 = Release|Any CPU
	EndGlobalSection
	GlobalSection(SolutionProperties) = preSolution
		HideSolutionNode = FALSE
	EndGlobalSection
	GlobalSection(ExtensibilityGlobals) = postSolution
		SolutionGuid = {7A4545D5-5AE3-4973-A65B-54BB55D4F452}
	EndGlobalSection
EndGlobal
